// !$*UTF8*$!
{
	archiveVersion = 1;
	classes = {
	};
	objectVersion = 56;
	objects = {

/* Begin PBXBuildFile section */
		BC35D28B29065430006A2C37 /* RxCocoaPracticeViewController.swift in Sources */ = {isa = PBXBuildFile; fileRef = BC35D28A29065430006A2C37 /* RxCocoaPracticeViewController.swift */; };
		BC35D2A729067D2C006A2C37 /* SimplePickerExamplePracticeViewController.swift in Sources */ = {isa = PBXBuildFile; fileRef = BC35D2A629067D2C006A2C37 /* SimplePickerExamplePracticeViewController.swift */; };
		BC88AD39290623140075D30C /* RxCocoa in Frameworks */ = {isa = PBXBuildFile; productRef = BC88AD38290623140075D30C /* RxCocoa */; };
		BC88AD3B290623140075D30C /* RxSwift in Frameworks */ = {isa = PBXBuildFile; productRef = BC88AD3A290623140075D30C /* RxSwift */; };
		BC88AD3E290625BC0075D30C /* RXCocoaViewController.swift in Sources */ = {isa = PBXBuildFile; fileRef = BC88AD3D290625BC0075D30C /* RXCocoaViewController.swift */; };
		BC96ED3A29077A370031503D /* SubjectViewController.swift in Sources */ = {isa = PBXBuildFile; fileRef = BC96ED3929077A370031503D /* SubjectViewController.swift */; };
		BC999F3128FF90700067E44B /* DiffableCollectionViewController.swift in Sources */ = {isa = PBXBuildFile; fileRef = BC999F3028FF90700067E44B /* DiffableCollectionViewController.swift */; };
		BC999F342900CF830067E44B /* CObservable.swift in Sources */ = {isa = PBXBuildFile; fileRef = BC999F332900CF830067E44B /* CObservable.swift */; };
		BC999F362900D13A0067E44B /* NewsViewController.swift in Sources */ = {isa = PBXBuildFile; fileRef = BC999F352900D13A0067E44B /* NewsViewController.swift */; };
		BC999F382900D2410067E44B /* NewsViewModel.swift in Sources */ = {isa = PBXBuildFile; fileRef = BC999F372900D2410067E44B /* NewsViewModel.swift */; };
		BC999F3A2900D77C0067E44B /* News.swift in Sources */ = {isa = PBXBuildFile; fileRef = BC999F392900D77C0067E44B /* News.swift */; };
		BC999F3C2900ED690067E44B /* DiffableViewModel.swift in Sources */ = {isa = PBXBuildFile; fileRef = BC999F3B2900ED690067E44B /* DiffableViewModel.swift */; };
		BC999F3E2900EDF30067E44B /* APIService.swift in Sources */ = {isa = PBXBuildFile; fileRef = BC999F3D2900EDF30067E44B /* APIService.swift */; };
		BC999F402900EE370067E44B /* APIKey.swift in Sources */ = {isa = PBXBuildFile; fileRef = BC999F3F2900EE370067E44B /* APIKey.swift */; };
		BC999F422900EE450067E44B /* .gitignore in Resources */ = {isa = PBXBuildFile; fileRef = BC999F412900EE450067E44B /* .gitignore */; };
		BC999F442900EF750067E44B /* SearchPhoto.swift in Sources */ = {isa = PBXBuildFile; fileRef = BC999F432900EF750067E44B /* SearchPhoto.swift */; };
		BC999F472900F0FC0067E44B /* Alamofire in Frameworks */ = {isa = PBXBuildFile; productRef = BC999F462900F0FC0067E44B /* Alamofire */; };
		BC999F4A2900F1060067E44B /* Kingfisher in Frameworks */ = {isa = PBXBuildFile; productRef = BC999F492900F1060067E44B /* Kingfisher */; };
		BC999F4D290169250067E44B /* DiffableDataSourceViewController.swift in Sources */ = {isa = PBXBuildFile; fileRef = BC999F4C290169250067E44B /* DiffableDataSourceViewController.swift */; };
		BC999F4F290172120067E44B /* MemoViewController.swift in Sources */ = {isa = PBXBuildFile; fileRef = BC999F4E290172120067E44B /* MemoViewController.swift */; };
		BC999F51290177730067E44B /* MemoHeader.swift in Sources */ = {isa = PBXBuildFile; fileRef = BC999F50290177730067E44B /* MemoHeader.swift */; };
		BC999F542901778D0067E44B /* SnapKit in Frameworks */ = {isa = PBXBuildFile; productRef = BC999F532901778D0067E44B /* SnapKit */; };
		BC999F57290186960067E44B /* PracticeViewController.swift in Sources */ = {isa = PBXBuildFile; fileRef = BC999F56290186960067E44B /* PracticeViewController.swift */; };
		BC999F59290186A30067E44B /* PracticeViewModel.swift in Sources */ = {isa = PBXBuildFile; fileRef = BC999F58290186A30067E44B /* PracticeViewModel.swift */; };
		BC999F5B290186B10067E44B /* PhotoPractice.swift in Sources */ = {isa = PBXBuildFile; fileRef = BC999F5A290186B10067E44B /* PhotoPractice.swift */; };
		BC999F5D29018A360067E44B /* PracticeModel.swift in Sources */ = {isa = PBXBuildFile; fileRef = BC999F5C29018A360067E44B /* PracticeModel.swift */; };
		BCA277B328FE2DB3008B3A18 /* AppDelegate.swift in Sources */ = {isa = PBXBuildFile; fileRef = BCA277B228FE2DB3008B3A18 /* AppDelegate.swift */; };
		BCA277B528FE2DB3008B3A18 /* SceneDelegate.swift in Sources */ = {isa = PBXBuildFile; fileRef = BCA277B428FE2DB3008B3A18 /* SceneDelegate.swift */; };
		BCA277B728FE2DB3008B3A18 /* SimpleTableViewController.swift in Sources */ = {isa = PBXBuildFile; fileRef = BCA277B628FE2DB3008B3A18 /* SimpleTableViewController.swift */; };
		BCA277BA28FE2DB3008B3A18 /* Main.storyboard in Resources */ = {isa = PBXBuildFile; fileRef = BCA277B828FE2DB3008B3A18 /* Main.storyboard */; };
		BCA277BC28FE2DB3008B3A18 /* Assets.xcassets in Resources */ = {isa = PBXBuildFile; fileRef = BCA277BB28FE2DB3008B3A18 /* Assets.xcassets */; };
		BCA277BF28FE2DB3008B3A18 /* LaunchScreen.storyboard in Resources */ = {isa = PBXBuildFile; fileRef = BCA277BD28FE2DB3008B3A18 /* LaunchScreen.storyboard */; };
		BCA277CA28FE2DB3008B3A18 /* SeSAC1617Tests.swift in Sources */ = {isa = PBXBuildFile; fileRef = BCA277C928FE2DB3008B3A18 /* SeSAC1617Tests.swift */; };
		BCA277D428FE2DB4008B3A18 /* SeSAC1617UITests.swift in Sources */ = {isa = PBXBuildFile; fileRef = BCA277D328FE2DB4008B3A18 /* SeSAC1617UITests.swift */; };
		BCA277D628FE2DB4008B3A18 /* SeSAC1617UITestsLaunchTests.swift in Sources */ = {isa = PBXBuildFile; fileRef = BCA277D528FE2DB4008B3A18 /* SeSAC1617UITestsLaunchTests.swift */; };
		BCA277E328FE390E008B3A18 /* SimpleCollectionViewController.swift in Sources */ = {isa = PBXBuildFile; fileRef = BCA277E228FE390E008B3A18 /* SimpleCollectionViewController.swift */; };
		BCC3DC682906852D00A45D94 /* NumbersPracticeViewController.swift in Sources */ = {isa = PBXBuildFile; fileRef = BCC3DC672906852D00A45D94 /* NumbersPracticeViewController.swift */; };
		BCC3DC6A2906877500A45D94 /* SimpleValidationPracticeViewController.swift in Sources */ = {isa = PBXBuildFile; fileRef = BCC3DC692906877500A45D94 /* SimpleValidationPracticeViewController.swift */; };
		BCC3DC6C2906922400A45D94 /* SimpleTableViewExamplePracticeController.swift in Sources */ = {isa = PBXBuildFile; fileRef = BCC3DC6B2906922400A45D94 /* SimpleTableViewExamplePracticeController.swift */; };
		BCE6EE0F290788A10065FF4A /* SubjectViewModel.swift in Sources */ = {isa = PBXBuildFile; fileRef = BCE6EE0E290788A10065FF4A /* SubjectViewModel.swift */; };
/* End PBXBuildFile section */

/* Begin PBXContainerItemProxy section */
		BCA277C628FE2DB3008B3A18 /* PBXContainerItemProxy */ = {
			isa = PBXContainerItemProxy;
			containerPortal = BCA277A728FE2DB3008B3A18 /* Project object */;
			proxyType = 1;
			remoteGlobalIDString = BCA277AE28FE2DB3008B3A18;
			remoteInfo = SeSAC1617;
		};
		BCA277D028FE2DB4008B3A18 /* PBXContainerItemProxy */ = {
			isa = PBXContainerItemProxy;
			containerPortal = BCA277A728FE2DB3008B3A18 /* Project object */;
			proxyType = 1;
			remoteGlobalIDString = BCA277AE28FE2DB3008B3A18;
			remoteInfo = SeSAC1617;
		};
/* End PBXContainerItemProxy section */

/* Begin PBXFileReference section */
		BC35D28A29065430006A2C37 /* RxCocoaPracticeViewController.swift */ = {isa = PBXFileReference; lastKnownFileType = sourcecode.swift; path = RxCocoaPracticeViewController.swift; sourceTree = "<group>"; };
		BC35D2A629067D2C006A2C37 /* SimplePickerExamplePracticeViewController.swift */ = {isa = PBXFileReference; lastKnownFileType = sourcecode.swift; path = SimplePickerExamplePracticeViewController.swift; sourceTree = "<group>"; };
		BC88AD3D290625BC0075D30C /* RXCocoaViewController.swift */ = {isa = PBXFileReference; lastKnownFileType = sourcecode.swift; path = RXCocoaViewController.swift; sourceTree = "<group>"; };
		BC96ED3929077A370031503D /* SubjectViewController.swift */ = {isa = PBXFileReference; lastKnownFileType = sourcecode.swift; path = SubjectViewController.swift; sourceTree = "<group>"; };
		BC999F3028FF90700067E44B /* DiffableCollectionViewController.swift */ = {isa = PBXFileReference; lastKnownFileType = sourcecode.swift; path = DiffableCollectionViewController.swift; sourceTree = "<group>"; };
		BC999F332900CF830067E44B /* CObservable.swift */ = {isa = PBXFileReference; lastKnownFileType = sourcecode.swift; path = CObservable.swift; sourceTree = "<group>"; };
		BC999F352900D13A0067E44B /* NewsViewController.swift */ = {isa = PBXFileReference; lastKnownFileType = sourcecode.swift; path = NewsViewController.swift; sourceTree = "<group>"; };
		BC999F372900D2410067E44B /* NewsViewModel.swift */ = {isa = PBXFileReference; lastKnownFileType = sourcecode.swift; path = NewsViewModel.swift; sourceTree = "<group>"; };
		BC999F392900D77C0067E44B /* News.swift */ = {isa = PBXFileReference; lastKnownFileType = sourcecode.swift; path = News.swift; sourceTree = "<group>"; };
		BC999F3B2900ED690067E44B /* DiffableViewModel.swift */ = {isa = PBXFileReference; lastKnownFileType = sourcecode.swift; path = DiffableViewModel.swift; sourceTree = "<group>"; };
		BC999F3D2900EDF30067E44B /* APIService.swift */ = {isa = PBXFileReference; lastKnownFileType = sourcecode.swift; path = APIService.swift; sourceTree = "<group>"; };
		BC999F3F2900EE370067E44B /* APIKey.swift */ = {isa = PBXFileReference; lastKnownFileType = sourcecode.swift; path = APIKey.swift; sourceTree = "<group>"; };
		BC999F412900EE450067E44B /* .gitignore */ = {isa = PBXFileReference; lastKnownFileType = text; path = .gitignore; sourceTree = "<group>"; };
		BC999F432900EF750067E44B /* SearchPhoto.swift */ = {isa = PBXFileReference; lastKnownFileType = sourcecode.swift; path = SearchPhoto.swift; sourceTree = "<group>"; };
		BC999F4C290169250067E44B /* DiffableDataSourceViewController.swift */ = {isa = PBXFileReference; lastKnownFileType = sourcecode.swift; path = DiffableDataSourceViewController.swift; sourceTree = "<group>"; };
		BC999F4E290172120067E44B /* MemoViewController.swift */ = {isa = PBXFileReference; lastKnownFileType = sourcecode.swift; path = MemoViewController.swift; sourceTree = "<group>"; };
		BC999F50290177730067E44B /* MemoHeader.swift */ = {isa = PBXFileReference; lastKnownFileType = sourcecode.swift; path = MemoHeader.swift; sourceTree = "<group>"; };
		BC999F56290186960067E44B /* PracticeViewController.swift */ = {isa = PBXFileReference; lastKnownFileType = sourcecode.swift; path = PracticeViewController.swift; sourceTree = "<group>"; };
		BC999F58290186A30067E44B /* PracticeViewModel.swift */ = {isa = PBXFileReference; lastKnownFileType = sourcecode.swift; path = PracticeViewModel.swift; sourceTree = "<group>"; };
		BC999F5A290186B10067E44B /* PhotoPractice.swift */ = {isa = PBXFileReference; lastKnownFileType = sourcecode.swift; path = PhotoPractice.swift; sourceTree = "<group>"; };
		BC999F5C29018A360067E44B /* PracticeModel.swift */ = {isa = PBXFileReference; lastKnownFileType = sourcecode.swift; path = PracticeModel.swift; sourceTree = "<group>"; };
		BCA277AF28FE2DB3008B3A18 /* SeSAC1617.app */ = {isa = PBXFileReference; explicitFileType = wrapper.application; includeInIndex = 0; path = SeSAC1617.app; sourceTree = BUILT_PRODUCTS_DIR; };
		BCA277B228FE2DB3008B3A18 /* AppDelegate.swift */ = {isa = PBXFileReference; lastKnownFileType = sourcecode.swift; path = AppDelegate.swift; sourceTree = "<group>"; };
		BCA277B428FE2DB3008B3A18 /* SceneDelegate.swift */ = {isa = PBXFileReference; lastKnownFileType = sourcecode.swift; path = SceneDelegate.swift; sourceTree = "<group>"; };
		BCA277B628FE2DB3008B3A18 /* SimpleTableViewController.swift */ = {isa = PBXFileReference; lastKnownFileType = sourcecode.swift; path = SimpleTableViewController.swift; sourceTree = "<group>"; };
		BCA277B928FE2DB3008B3A18 /* Base */ = {isa = PBXFileReference; lastKnownFileType = file.storyboard; name = Base; path = Base.lproj/Main.storyboard; sourceTree = "<group>"; };
		BCA277BB28FE2DB3008B3A18 /* Assets.xcassets */ = {isa = PBXFileReference; lastKnownFileType = folder.assetcatalog; path = Assets.xcassets; sourceTree = "<group>"; };
		BCA277BE28FE2DB3008B3A18 /* Base */ = {isa = PBXFileReference; lastKnownFileType = file.storyboard; name = Base; path = Base.lproj/LaunchScreen.storyboard; sourceTree = "<group>"; };
		BCA277C028FE2DB3008B3A18 /* Info.plist */ = {isa = PBXFileReference; lastKnownFileType = text.plist.xml; path = Info.plist; sourceTree = "<group>"; };
		BCA277C528FE2DB3008B3A18 /* SeSAC1617Tests.xctest */ = {isa = PBXFileReference; explicitFileType = wrapper.cfbundle; includeInIndex = 0; path = SeSAC1617Tests.xctest; sourceTree = BUILT_PRODUCTS_DIR; };
		BCA277C928FE2DB3008B3A18 /* SeSAC1617Tests.swift */ = {isa = PBXFileReference; lastKnownFileType = sourcecode.swift; path = SeSAC1617Tests.swift; sourceTree = "<group>"; };
		BCA277CF28FE2DB4008B3A18 /* SeSAC1617UITests.xctest */ = {isa = PBXFileReference; explicitFileType = wrapper.cfbundle; includeInIndex = 0; path = SeSAC1617UITests.xctest; sourceTree = BUILT_PRODUCTS_DIR; };
		BCA277D328FE2DB4008B3A18 /* SeSAC1617UITests.swift */ = {isa = PBXFileReference; lastKnownFileType = sourcecode.swift; path = SeSAC1617UITests.swift; sourceTree = "<group>"; };
		BCA277D528FE2DB4008B3A18 /* SeSAC1617UITestsLaunchTests.swift */ = {isa = PBXFileReference; lastKnownFileType = sourcecode.swift; path = SeSAC1617UITestsLaunchTests.swift; sourceTree = "<group>"; };
		BCA277E228FE390E008B3A18 /* SimpleCollectionViewController.swift */ = {isa = PBXFileReference; lastKnownFileType = sourcecode.swift; path = SimpleCollectionViewController.swift; sourceTree = "<group>"; };
		BCC3DC672906852D00A45D94 /* NumbersPracticeViewController.swift */ = {isa = PBXFileReference; lastKnownFileType = sourcecode.swift; path = NumbersPracticeViewController.swift; sourceTree = "<group>"; };
		BCC3DC692906877500A45D94 /* SimpleValidationPracticeViewController.swift */ = {isa = PBXFileReference; lastKnownFileType = sourcecode.swift; path = SimpleValidationPracticeViewController.swift; sourceTree = "<group>"; };
		BCC3DC6B2906922400A45D94 /* SimpleTableViewExamplePracticeController.swift */ = {isa = PBXFileReference; lastKnownFileType = sourcecode.swift; path = SimpleTableViewExamplePracticeController.swift; sourceTree = "<group>"; };
		BCE6EE0E290788A10065FF4A /* SubjectViewModel.swift */ = {isa = PBXFileReference; lastKnownFileType = sourcecode.swift; path = SubjectViewModel.swift; sourceTree = "<group>"; };
/* End PBXFileReference section */

/* Begin PBXFrameworksBuildPhase section */
		BCA277AC28FE2DB3008B3A18 /* Frameworks */ = {
			isa = PBXFrameworksBuildPhase;
			buildActionMask = 2147483647;
			files = (
				BC999F542901778D0067E44B /* SnapKit in Frameworks */,
				BC999F4A2900F1060067E44B /* Kingfisher in Frameworks */,
				BC88AD3B290623140075D30C /* RxSwift in Frameworks */,
				BC88AD39290623140075D30C /* RxCocoa in Frameworks */,
				BC999F472900F0FC0067E44B /* Alamofire in Frameworks */,
			);
			runOnlyForDeploymentPostprocessing = 0;
		};
		BCA277C228FE2DB3008B3A18 /* Frameworks */ = {
			isa = PBXFrameworksBuildPhase;
			buildActionMask = 2147483647;
			files = (
			);
			runOnlyForDeploymentPostprocessing = 0;
		};
		BCA277CC28FE2DB4008B3A18 /* Frameworks */ = {
			isa = PBXFrameworksBuildPhase;
			buildActionMask = 2147483647;
			files = (
			);
			runOnlyForDeploymentPostprocessing = 0;
		};
/* End PBXFrameworksBuildPhase section */

/* Begin PBXGroup section */
		BC88AD3C290625A30075D30C /* RX */ = {
			isa = PBXGroup;
			children = (
				BCE6EE11290788B10065FF4A /* RX1024 */,
				BCE6EE10290788A70065FF4A /* RX1025 */,
			);
			path = RX;
			sourceTree = "<group>";
		};
		BC999F322900CCB10067E44B /* MVVMSample */ = {
			isa = PBXGroup;
			children = (
				BC999F332900CF830067E44B /* CObservable.swift */,
				BC999F372900D2410067E44B /* NewsViewModel.swift */,
				BC999F352900D13A0067E44B /* NewsViewController.swift */,
				BC999F392900D77C0067E44B /* News.swift */,
			);
			path = MVVMSample;
			sourceTree = "<group>";
		};
		BC999F4B290169110067E44B /* Memo */ = {
			isa = PBXGroup;
			children = (
				BC999F4C290169250067E44B /* DiffableDataSourceViewController.swift */,
				BC999F4E290172120067E44B /* MemoViewController.swift */,
				BC999F50290177730067E44B /* MemoHeader.swift */,
			);
			path = Memo;
			sourceTree = "<group>";
		};
		BC999F55290186390067E44B /* MVVMPractice */ = {
			isa = PBXGroup;
			children = (
				BC999F5C29018A360067E44B /* PracticeModel.swift */,
				BC999F58290186A30067E44B /* PracticeViewModel.swift */,
				BC999F56290186960067E44B /* PracticeViewController.swift */,
				BC999F5A290186B10067E44B /* PhotoPractice.swift */,
			);
			path = MVVMPractice;
			sourceTree = "<group>";
		};
		BCA277A628FE2DB3008B3A18 = {
			isa = PBXGroup;
			children = (
				BC999F412900EE450067E44B /* .gitignore */,
				BCA277B128FE2DB3008B3A18 /* SeSAC1617 */,
				BCA277C828FE2DB3008B3A18 /* SeSAC1617Tests */,
				BCA277D228FE2DB4008B3A18 /* SeSAC1617UITests */,
				BCA277B028FE2DB3008B3A18 /* Products */,
			);
			sourceTree = "<group>";
		};
		BCA277B028FE2DB3008B3A18 /* Products */ = {
			isa = PBXGroup;
			children = (
				BCA277AF28FE2DB3008B3A18 /* SeSAC1617.app */,
				BCA277C528FE2DB3008B3A18 /* SeSAC1617Tests.xctest */,
				BCA277CF28FE2DB4008B3A18 /* SeSAC1617UITests.xctest */,
			);
			name = Products;
			sourceTree = "<group>";
		};
		BCA277B128FE2DB3008B3A18 /* SeSAC1617 */ = {
			isa = PBXGroup;
			children = (
				BC88AD3C290625A30075D30C /* RX */,
				BC999F55290186390067E44B /* MVVMPractice */,
				BC999F4B290169110067E44B /* Memo */,
				BC999F322900CCB10067E44B /* MVVMSample */,
				BCA277B228FE2DB3008B3A18 /* AppDelegate.swift */,
				BCA277B428FE2DB3008B3A18 /* SceneDelegate.swift */,
				BCA277B628FE2DB3008B3A18 /* SimpleTableViewController.swift */,
				BCA277E228FE390E008B3A18 /* SimpleCollectionViewController.swift */,
				BC999F3028FF90700067E44B /* DiffableCollectionViewController.swift */,
				BC999F3B2900ED690067E44B /* DiffableViewModel.swift */,
				BC999F3D2900EDF30067E44B /* APIService.swift */,
				BC999F3F2900EE370067E44B /* APIKey.swift */,
				BC999F432900EF750067E44B /* SearchPhoto.swift */,
				BCA277B828FE2DB3008B3A18 /* Main.storyboard */,
				BCA277BB28FE2DB3008B3A18 /* Assets.xcassets */,
				BCA277BD28FE2DB3008B3A18 /* LaunchScreen.storyboard */,
				BCA277C028FE2DB3008B3A18 /* Info.plist */,
			);
			path = SeSAC1617;
			sourceTree = "<group>";
		};
		BCA277C828FE2DB3008B3A18 /* SeSAC1617Tests */ = {
			isa = PBXGroup;
			children = (
				BCA277C928FE2DB3008B3A18 /* SeSAC1617Tests.swift */,
			);
			path = SeSAC1617Tests;
			sourceTree = "<group>";
		};
		BCA277D228FE2DB4008B3A18 /* SeSAC1617UITests */ = {
			isa = PBXGroup;
			children = (
				BCA277D328FE2DB4008B3A18 /* SeSAC1617UITests.swift */,
				BCA277D528FE2DB4008B3A18 /* SeSAC1617UITestsLaunchTests.swift */,
			);
			path = SeSAC1617UITests;
			sourceTree = "<group>";
		};
		BCE6EE10290788A70065FF4A /* RX1025 */ = {
			isa = PBXGroup;
			children = (
				BC96ED3929077A370031503D /* SubjectViewController.swift */,
				BCE6EE0E290788A10065FF4A /* SubjectViewModel.swift */,
			);
			path = RX1025;
			sourceTree = "<group>";
		};
		BCE6EE11290788B10065FF4A /* RX1024 */ = {
			isa = PBXGroup;
			children = (
				BCC3DC692906877500A45D94 /* SimpleValidationPracticeViewController.swift */,
				BCC3DC672906852D00A45D94 /* NumbersPracticeViewController.swift */,
				BC35D2A629067D2C006A2C37 /* SimplePickerExamplePracticeViewController.swift */,
				BC35D28A29065430006A2C37 /* RxCocoaPracticeViewController.swift */,
				BC88AD3D290625BC0075D30C /* RXCocoaViewController.swift */,
				BCC3DC6B2906922400A45D94 /* SimpleTableViewExamplePracticeController.swift */,
			);
			path = RX1024;
			sourceTree = "<group>";
		};
/* End PBXGroup section */

/* Begin PBXNativeTarget section */
		BCA277AE28FE2DB3008B3A18 /* SeSAC1617 */ = {
			isa = PBXNativeTarget;
			buildConfigurationList = BCA277D928FE2DB4008B3A18 /* Build configuration list for PBXNativeTarget "SeSAC1617" */;
			buildPhases = (
				BCA277AB28FE2DB3008B3A18 /* Sources */,
				BCA277AC28FE2DB3008B3A18 /* Frameworks */,
				BCA277AD28FE2DB3008B3A18 /* Resources */,
			);
			buildRules = (
			);
			dependencies = (
			);
			name = SeSAC1617;
			packageProductDependencies = (
				BC999F462900F0FC0067E44B /* Alamofire */,
				BC999F492900F1060067E44B /* Kingfisher */,
				BC999F532901778D0067E44B /* SnapKit */,
				BC88AD38290623140075D30C /* RxCocoa */,
				BC88AD3A290623140075D30C /* RxSwift */,
			);
			productName = SeSAC1617;
			productReference = BCA277AF28FE2DB3008B3A18 /* SeSAC1617.app */;
			productType = "com.apple.product-type.application";
		};
		BCA277C428FE2DB3008B3A18 /* SeSAC1617Tests */ = {
			isa = PBXNativeTarget;
			buildConfigurationList = BCA277DC28FE2DB4008B3A18 /* Build configuration list for PBXNativeTarget "SeSAC1617Tests" */;
			buildPhases = (
				BCA277C128FE2DB3008B3A18 /* Sources */,
				BCA277C228FE2DB3008B3A18 /* Frameworks */,
				BCA277C328FE2DB3008B3A18 /* Resources */,
			);
			buildRules = (
			);
			dependencies = (
				BCA277C728FE2DB3008B3A18 /* PBXTargetDependency */,
			);
			name = SeSAC1617Tests;
			productName = SeSAC1617Tests;
			productReference = BCA277C528FE2DB3008B3A18 /* SeSAC1617Tests.xctest */;
			productType = "com.apple.product-type.bundle.unit-test";
		};
		BCA277CE28FE2DB4008B3A18 /* SeSAC1617UITests */ = {
			isa = PBXNativeTarget;
			buildConfigurationList = BCA277DF28FE2DB4008B3A18 /* Build configuration list for PBXNativeTarget "SeSAC1617UITests" */;
			buildPhases = (
				BCA277CB28FE2DB4008B3A18 /* Sources */,
				BCA277CC28FE2DB4008B3A18 /* Frameworks */,
				BCA277CD28FE2DB4008B3A18 /* Resources */,
			);
			buildRules = (
			);
			dependencies = (
				BCA277D128FE2DB4008B3A18 /* PBXTargetDependency */,
			);
			name = SeSAC1617UITests;
			productName = SeSAC1617UITests;
			productReference = BCA277CF28FE2DB4008B3A18 /* SeSAC1617UITests.xctest */;
			productType = "com.apple.product-type.bundle.ui-testing";
		};
/* End PBXNativeTarget section */

/* Begin PBXProject section */
		BCA277A728FE2DB3008B3A18 /* Project object */ = {
			isa = PBXProject;
			attributes = {
				BuildIndependentTargetsInParallel = 1;
				LastSwiftUpdateCheck = 1400;
				LastUpgradeCheck = 1400;
				TargetAttributes = {
					BCA277AE28FE2DB3008B3A18 = {
						CreatedOnToolsVersion = 14.0.1;
					};
					BCA277C428FE2DB3008B3A18 = {
						CreatedOnToolsVersion = 14.0.1;
						TestTargetID = BCA277AE28FE2DB3008B3A18;
					};
					BCA277CE28FE2DB4008B3A18 = {
						CreatedOnToolsVersion = 14.0.1;
						TestTargetID = BCA277AE28FE2DB3008B3A18;
					};
				};
			};
			buildConfigurationList = BCA277AA28FE2DB3008B3A18 /* Build configuration list for PBXProject "SeSAC1617" */;
			compatibilityVersion = "Xcode 14.0";
			developmentRegion = en;
			hasScannedForEncodings = 0;
			knownRegions = (
				en,
				Base,
			);
			mainGroup = BCA277A628FE2DB3008B3A18;
			packageReferences = (
				BC999F452900F0FC0067E44B /* XCRemoteSwiftPackageReference "Alamofire" */,
				BC999F482900F1060067E44B /* XCRemoteSwiftPackageReference "Kingfisher" */,
				BC999F522901778D0067E44B /* XCRemoteSwiftPackageReference "SnapKit" */,
				BC88AD37290623140075D30C /* XCRemoteSwiftPackageReference "RxSwift" */,
			);
			productRefGroup = BCA277B028FE2DB3008B3A18 /* Products */;
			projectDirPath = "";
			projectRoot = "";
			targets = (
				BCA277AE28FE2DB3008B3A18 /* SeSAC1617 */,
				BCA277C428FE2DB3008B3A18 /* SeSAC1617Tests */,
				BCA277CE28FE2DB4008B3A18 /* SeSAC1617UITests */,
			);
		};
/* End PBXProject section */

/* Begin PBXResourcesBuildPhase section */
		BCA277AD28FE2DB3008B3A18 /* Resources */ = {
			isa = PBXResourcesBuildPhase;
			buildActionMask = 2147483647;
			files = (
				BC999F422900EE450067E44B /* .gitignore in Resources */,
				BCA277BF28FE2DB3008B3A18 /* LaunchScreen.storyboard in Resources */,
				BCA277BC28FE2DB3008B3A18 /* Assets.xcassets in Resources */,
				BCA277BA28FE2DB3008B3A18 /* Main.storyboard in Resources */,
			);
			runOnlyForDeploymentPostprocessing = 0;
		};
		BCA277C328FE2DB3008B3A18 /* Resources */ = {
			isa = PBXResourcesBuildPhase;
			buildActionMask = 2147483647;
			files = (
			);
			runOnlyForDeploymentPostprocessing = 0;
		};
		BCA277CD28FE2DB4008B3A18 /* Resources */ = {
			isa = PBXResourcesBuildPhase;
			buildActionMask = 2147483647;
			files = (
			);
			runOnlyForDeploymentPostprocessing = 0;
		};
/* End PBXResourcesBuildPhase section */

/* Begin PBXSourcesBuildPhase section */
		BCA277AB28FE2DB3008B3A18 /* Sources */ = {
			isa = PBXSourcesBuildPhase;
			buildActionMask = 2147483647;
			files = (
				BC999F342900CF830067E44B /* CObservable.swift in Sources */,
				BCA277E328FE390E008B3A18 /* SimpleCollectionViewController.swift in Sources */,
				BC999F57290186960067E44B /* PracticeViewController.swift in Sources */,
				BC999F51290177730067E44B /* MemoHeader.swift in Sources */,
				BC999F4F290172120067E44B /* MemoViewController.swift in Sources */,
				BC999F4D290169250067E44B /* DiffableDataSourceViewController.swift in Sources */,
				BCA277B728FE2DB3008B3A18 /* SimpleTableViewController.swift in Sources */,
				BC999F3A2900D77C0067E44B /* News.swift in Sources */,
				BC999F3E2900EDF30067E44B /* APIService.swift in Sources */,
				BC999F3128FF90700067E44B /* DiffableCollectionViewController.swift in Sources */,
				BC999F362900D13A0067E44B /* NewsViewController.swift in Sources */,
				BC999F5D29018A360067E44B /* PracticeModel.swift in Sources */,
				BCA277B328FE2DB3008B3A18 /* AppDelegate.swift in Sources */,
				BC999F5B290186B10067E44B /* PhotoPractice.swift in Sources */,
				BCC3DC6A2906877500A45D94 /* SimpleValidationPracticeViewController.swift in Sources */,
				BC999F442900EF750067E44B /* SearchPhoto.swift in Sources */,
				BC35D28B29065430006A2C37 /* RxCocoaPracticeViewController.swift in Sources */,
				BC999F59290186A30067E44B /* PracticeViewModel.swift in Sources */,
				BC35D2A729067D2C006A2C37 /* SimplePickerExamplePracticeViewController.swift in Sources */,
				BC96ED3A29077A370031503D /* SubjectViewController.swift in Sources */,
				BCA277B528FE2DB3008B3A18 /* SceneDelegate.swift in Sources */,
				BCE6EE0F290788A10065FF4A /* SubjectViewModel.swift in Sources */,
				BC999F382900D2410067E44B /* NewsViewModel.swift in Sources */,
				BCC3DC682906852D00A45D94 /* NumbersPracticeViewController.swift in Sources */,
				BC999F402900EE370067E44B /* APIKey.swift in Sources */,
				BCC3DC6C2906922400A45D94 /* SimpleTableViewExamplePracticeController.swift in Sources */,
				BC999F3C2900ED690067E44B /* DiffableViewModel.swift in Sources */,
				BC88AD3E290625BC0075D30C /* RXCocoaViewController.swift in Sources */,
			);
			runOnlyForDeploymentPostprocessing = 0;
		};
		BCA277C128FE2DB3008B3A18 /* Sources */ = {
			isa = PBXSourcesBuildPhase;
			buildActionMask = 2147483647;
			files = (
				BCA277CA28FE2DB3008B3A18 /* SeSAC1617Tests.swift in Sources */,
			);
			runOnlyForDeploymentPostprocessing = 0;
		};
		BCA277CB28FE2DB4008B3A18 /* Sources */ = {
			isa = PBXSourcesBuildPhase;
			buildActionMask = 2147483647;
			files = (
				BCA277D428FE2DB4008B3A18 /* SeSAC1617UITests.swift in Sources */,
				BCA277D628FE2DB4008B3A18 /* SeSAC1617UITestsLaunchTests.swift in Sources */,
			);
			runOnlyForDeploymentPostprocessing = 0;
		};
/* End PBXSourcesBuildPhase section */

/* Begin PBXTargetDependency section */
		BCA277C728FE2DB3008B3A18 /* PBXTargetDependency */ = {
			isa = PBXTargetDependency;
			target = BCA277AE28FE2DB3008B3A18 /* SeSAC1617 */;
			targetProxy = BCA277C628FE2DB3008B3A18 /* PBXContainerItemProxy */;
		};
		BCA277D128FE2DB4008B3A18 /* PBXTargetDependency */ = {
			isa = PBXTargetDependency;
			target = BCA277AE28FE2DB3008B3A18 /* SeSAC1617 */;
			targetProxy = BCA277D028FE2DB4008B3A18 /* PBXContainerItemProxy */;
		};
/* End PBXTargetDependency section */

/* Begin PBXVariantGroup section */
		BCA277B828FE2DB3008B3A18 /* Main.storyboard */ = {
			isa = PBXVariantGroup;
			children = (
				BCA277B928FE2DB3008B3A18 /* Base */,
			);
			name = Main.storyboard;
			sourceTree = "<group>";
		};
		BCA277BD28FE2DB3008B3A18 /* LaunchScreen.storyboard */ = {
			isa = PBXVariantGroup;
			children = (
				BCA277BE28FE2DB3008B3A18 /* Base */,
			);
			name = LaunchScreen.storyboard;
			sourceTree = "<group>";
		};
/* End PBXVariantGroup section */

/* Begin XCBuildConfiguration section */
		BCA277D728FE2DB4008B3A18 /* Debug */ = {
			isa = XCBuildConfiguration;
			buildSettings = {
				ALWAYS_SEARCH_USER_PATHS = NO;
				CLANG_ANALYZER_NONNULL = YES;
				CLANG_ANALYZER_NUMBER_OBJECT_CONVERSION = YES_AGGRESSIVE;
				CLANG_CXX_LANGUAGE_STANDARD = "gnu++20";
				CLANG_ENABLE_MODULES = YES;
				CLANG_ENABLE_OBJC_ARC = YES;
				CLANG_ENABLE_OBJC_WEAK = YES;
				CLANG_WARN_BLOCK_CAPTURE_AUTORELEASING = YES;
				CLANG_WARN_BOOL_CONVERSION = YES;
				CLANG_WARN_COMMA = YES;
				CLANG_WARN_CONSTANT_CONVERSION = YES;
				CLANG_WARN_DEPRECATED_OBJC_IMPLEMENTATIONS = YES;
				CLANG_WARN_DIRECT_OBJC_ISA_USAGE = YES_ERROR;
				CLANG_WARN_DOCUMENTATION_COMMENTS = YES;
				CLANG_WARN_EMPTY_BODY = YES;
				CLANG_WARN_ENUM_CONVERSION = YES;
				CLANG_WARN_INFINITE_RECURSION = YES;
				CLANG_WARN_INT_CONVERSION = YES;
				CLANG_WARN_NON_LITERAL_NULL_CONVERSION = YES;
				CLANG_WARN_OBJC_IMPLICIT_RETAIN_SELF = YES;
				CLANG_WARN_OBJC_LITERAL_CONVERSION = YES;
				CLANG_WARN_OBJC_ROOT_CLASS = YES_ERROR;
				CLANG_WARN_QUOTED_INCLUDE_IN_FRAMEWORK_HEADER = YES;
				CLANG_WARN_RANGE_LOOP_ANALYSIS = YES;
				CLANG_WARN_STRICT_PROTOTYPES = YES;
				CLANG_WARN_SUSPICIOUS_MOVE = YES;
				CLANG_WARN_UNGUARDED_AVAILABILITY = YES_AGGRESSIVE;
				CLANG_WARN_UNREACHABLE_CODE = YES;
				CLANG_WARN__DUPLICATE_METHOD_MATCH = YES;
				COPY_PHASE_STRIP = NO;
				DEBUG_INFORMATION_FORMAT = dwarf;
				ENABLE_STRICT_OBJC_MSGSEND = YES;
				ENABLE_TESTABILITY = YES;
				GCC_C_LANGUAGE_STANDARD = gnu11;
				GCC_DYNAMIC_NO_PIC = NO;
				GCC_NO_COMMON_BLOCKS = YES;
				GCC_OPTIMIZATION_LEVEL = 0;
				GCC_PREPROCESSOR_DEFINITIONS = (
					"DEBUG=1",
					"$(inherited)",
				);
				GCC_WARN_64_TO_32_BIT_CONVERSION = YES;
				GCC_WARN_ABOUT_RETURN_TYPE = YES_ERROR;
				GCC_WARN_UNDECLARED_SELECTOR = YES;
				GCC_WARN_UNINITIALIZED_AUTOS = YES_AGGRESSIVE;
				GCC_WARN_UNUSED_FUNCTION = YES;
				GCC_WARN_UNUSED_VARIABLE = YES;
				IPHONEOS_DEPLOYMENT_TARGET = 15.0;
				MTL_ENABLE_DEBUG_INFO = INCLUDE_SOURCE;
				MTL_FAST_MATH = YES;
				ONLY_ACTIVE_ARCH = YES;
				SDKROOT = iphoneos;
				SWIFT_ACTIVE_COMPILATION_CONDITIONS = DEBUG;
				SWIFT_OPTIMIZATION_LEVEL = "-Onone";
			};
			name = Debug;
		};
		BCA277D828FE2DB4008B3A18 /* Release */ = {
			isa = XCBuildConfiguration;
			buildSettings = {
				ALWAYS_SEARCH_USER_PATHS = NO;
				CLANG_ANALYZER_NONNULL = YES;
				CLANG_ANALYZER_NUMBER_OBJECT_CONVERSION = YES_AGGRESSIVE;
				CLANG_CXX_LANGUAGE_STANDARD = "gnu++20";
				CLANG_ENABLE_MODULES = YES;
				CLANG_ENABLE_OBJC_ARC = YES;
				CLANG_ENABLE_OBJC_WEAK = YES;
				CLANG_WARN_BLOCK_CAPTURE_AUTORELEASING = YES;
				CLANG_WARN_BOOL_CONVERSION = YES;
				CLANG_WARN_COMMA = YES;
				CLANG_WARN_CONSTANT_CONVERSION = YES;
				CLANG_WARN_DEPRECATED_OBJC_IMPLEMENTATIONS = YES;
				CLANG_WARN_DIRECT_OBJC_ISA_USAGE = YES_ERROR;
				CLANG_WARN_DOCUMENTATION_COMMENTS = YES;
				CLANG_WARN_EMPTY_BODY = YES;
				CLANG_WARN_ENUM_CONVERSION = YES;
				CLANG_WARN_INFINITE_RECURSION = YES;
				CLANG_WARN_INT_CONVERSION = YES;
				CLANG_WARN_NON_LITERAL_NULL_CONVERSION = YES;
				CLANG_WARN_OBJC_IMPLICIT_RETAIN_SELF = YES;
				CLANG_WARN_OBJC_LITERAL_CONVERSION = YES;
				CLANG_WARN_OBJC_ROOT_CLASS = YES_ERROR;
				CLANG_WARN_QUOTED_INCLUDE_IN_FRAMEWORK_HEADER = YES;
				CLANG_WARN_RANGE_LOOP_ANALYSIS = YES;
				CLANG_WARN_STRICT_PROTOTYPES = YES;
				CLANG_WARN_SUSPICIOUS_MOVE = YES;
				CLANG_WARN_UNGUARDED_AVAILABILITY = YES_AGGRESSIVE;
				CLANG_WARN_UNREACHABLE_CODE = YES;
				CLANG_WARN__DUPLICATE_METHOD_MATCH = YES;
				COPY_PHASE_STRIP = NO;
				DEBUG_INFORMATION_FORMAT = "dwarf-with-dsym";
				ENABLE_NS_ASSERTIONS = NO;
				ENABLE_STRICT_OBJC_MSGSEND = YES;
				GCC_C_LANGUAGE_STANDARD = gnu11;
				GCC_NO_COMMON_BLOCKS = YES;
				GCC_WARN_64_TO_32_BIT_CONVERSION = YES;
				GCC_WARN_ABOUT_RETURN_TYPE = YES_ERROR;
				GCC_WARN_UNDECLARED_SELECTOR = YES;
				GCC_WARN_UNINITIALIZED_AUTOS = YES_AGGRESSIVE;
				GCC_WARN_UNUSED_FUNCTION = YES;
				GCC_WARN_UNUSED_VARIABLE = YES;
				IPHONEOS_DEPLOYMENT_TARGET = 15.0;
				MTL_ENABLE_DEBUG_INFO = NO;
				MTL_FAST_MATH = YES;
				SDKROOT = iphoneos;
				SWIFT_COMPILATION_MODE = wholemodule;
				SWIFT_OPTIMIZATION_LEVEL = "-O";
				VALIDATE_PRODUCT = YES;
			};
			name = Release;
		};
		BCA277DA28FE2DB4008B3A18 /* Debug */ = {
			isa = XCBuildConfiguration;
			buildSettings = {
				ASSETCATALOG_COMPILER_APPICON_NAME = AppIcon;
				ASSETCATALOG_COMPILER_GLOBAL_ACCENT_COLOR_NAME = AccentColor;
				CODE_SIGN_STYLE = Automatic;
				CURRENT_PROJECT_VERSION = 1;
				DEVELOPMENT_TEAM = D6A93QYKAF;
				GENERATE_INFOPLIST_FILE = YES;
				INFOPLIST_FILE = SeSAC1617/Info.plist;
				INFOPLIST_KEY_UIApplicationSupportsIndirectInputEvents = YES;
				INFOPLIST_KEY_UILaunchStoryboardName = LaunchScreen;
				INFOPLIST_KEY_UIMainStoryboardFile = Main;
				INFOPLIST_KEY_UISupportedInterfaceOrientations_iPad = "UIInterfaceOrientationPortrait UIInterfaceOrientationPortraitUpsideDown UIInterfaceOrientationLandscapeLeft UIInterfaceOrientationLandscapeRight";
				INFOPLIST_KEY_UISupportedInterfaceOrientations_iPhone = "UIInterfaceOrientationPortrait UIInterfaceOrientationLandscapeLeft UIInterfaceOrientationLandscapeRight";
				LD_RUNPATH_SEARCH_PATHS = (
					"$(inherited)",
					"@executable_path/Frameworks",
				);
				MARKETING_VERSION = 1.0;
				PRODUCT_BUNDLE_IDENTIFIER = danielKwon.SeSAC1617;
				PRODUCT_NAME = "$(TARGET_NAME)";
				SWIFT_EMIT_LOC_STRINGS = YES;
				SWIFT_VERSION = 5.0;
				TARGETED_DEVICE_FAMILY = "1,2";
			};
			name = Debug;
		};
		BCA277DB28FE2DB4008B3A18 /* Release */ = {
			isa = XCBuildConfiguration;
			buildSettings = {
				ASSETCATALOG_COMPILER_APPICON_NAME = AppIcon;
				ASSETCATALOG_COMPILER_GLOBAL_ACCENT_COLOR_NAME = AccentColor;
				CODE_SIGN_STYLE = Automatic;
				CURRENT_PROJECT_VERSION = 1;
				DEVELOPMENT_TEAM = D6A93QYKAF;
				GENERATE_INFOPLIST_FILE = YES;
				INFOPLIST_FILE = SeSAC1617/Info.plist;
				INFOPLIST_KEY_UIApplicationSupportsIndirectInputEvents = YES;
				INFOPLIST_KEY_UILaunchStoryboardName = LaunchScreen;
				INFOPLIST_KEY_UIMainStoryboardFile = Main;
				INFOPLIST_KEY_UISupportedInterfaceOrientations_iPad = "UIInterfaceOrientationPortrait UIInterfaceOrientationPortraitUpsideDown UIInterfaceOrientationLandscapeLeft UIInterfaceOrientationLandscapeRight";
				INFOPLIST_KEY_UISupportedInterfaceOrientations_iPhone = "UIInterfaceOrientationPortrait UIInterfaceOrientationLandscapeLeft UIInterfaceOrientationLandscapeRight";
				LD_RUNPATH_SEARCH_PATHS = (
					"$(inherited)",
					"@executable_path/Frameworks",
				);
				MARKETING_VERSION = 1.0;
				PRODUCT_BUNDLE_IDENTIFIER = danielKwon.SeSAC1617;
				PRODUCT_NAME = "$(TARGET_NAME)";
				SWIFT_EMIT_LOC_STRINGS = YES;
				SWIFT_VERSION = 5.0;
				TARGETED_DEVICE_FAMILY = "1,2";
			};
			name = Release;
		};
		BCA277DD28FE2DB4008B3A18 /* Debug */ = {
			isa = XCBuildConfiguration;
			buildSettings = {
				ALWAYS_EMBED_SWIFT_STANDARD_LIBRARIES = YES;
				BUNDLE_LOADER = "$(TEST_HOST)";
				CODE_SIGN_STYLE = Automatic;
				CURRENT_PROJECT_VERSION = 1;
				GENERATE_INFOPLIST_FILE = YES;
				IPHONEOS_DEPLOYMENT_TARGET = 16.0;
				MARKETING_VERSION = 1.0;
				PRODUCT_BUNDLE_IDENTIFIER = danielKwon.SeSAC1617Tests;
				PRODUCT_NAME = "$(TARGET_NAME)";
				SWIFT_EMIT_LOC_STRINGS = NO;
				SWIFT_VERSION = 5.0;
				TARGETED_DEVICE_FAMILY = "1,2";
				TEST_HOST = "$(BUILT_PRODUCTS_DIR)/SeSAC1617.app/$(BUNDLE_EXECUTABLE_FOLDER_PATH)/SeSAC1617";
			};
			name = Debug;
		};
		BCA277DE28FE2DB4008B3A18 /* Release */ = {
			isa = XCBuildConfiguration;
			buildSettings = {
				ALWAYS_EMBED_SWIFT_STANDARD_LIBRARIES = YES;
				BUNDLE_LOADER = "$(TEST_HOST)";
				CODE_SIGN_STYLE = Automatic;
				CURRENT_PROJECT_VERSION = 1;
				GENERATE_INFOPLIST_FILE = YES;
				IPHONEOS_DEPLOYMENT_TARGET = 16.0;
				MARKETING_VERSION = 1.0;
				PRODUCT_BUNDLE_IDENTIFIER = danielKwon.SeSAC1617Tests;
				PRODUCT_NAME = "$(TARGET_NAME)";
				SWIFT_EMIT_LOC_STRINGS = NO;
				SWIFT_VERSION = 5.0;
				TARGETED_DEVICE_FAMILY = "1,2";
				TEST_HOST = "$(BUILT_PRODUCTS_DIR)/SeSAC1617.app/$(BUNDLE_EXECUTABLE_FOLDER_PATH)/SeSAC1617";
			};
			name = Release;
		};
		BCA277E028FE2DB4008B3A18 /* Debug */ = {
			isa = XCBuildConfiguration;
			buildSettings = {
				ALWAYS_EMBED_SWIFT_STANDARD_LIBRARIES = YES;
				CODE_SIGN_STYLE = Automatic;
				CURRENT_PROJECT_VERSION = 1;
				GENERATE_INFOPLIST_FILE = YES;
				MARKETING_VERSION = 1.0;
				PRODUCT_BUNDLE_IDENTIFIER = danielKwon.SeSAC1617UITests;
				PRODUCT_NAME = "$(TARGET_NAME)";
				SUPPORTED_PLATFORMS = "iphoneos iphonesimulator";
				SUPPORTS_MACCATALYST = YES;
				SUPPORTS_MAC_DESIGNED_FOR_IPHONE_IPAD = YES;
				SWIFT_EMIT_LOC_STRINGS = NO;
				SWIFT_VERSION = 5.0;
				TARGETED_DEVICE_FAMILY = "1,2";
				TEST_TARGET_NAME = SeSAC1617;
			};
			name = Debug;
		};
		BCA277E128FE2DB4008B3A18 /* Release */ = {
			isa = XCBuildConfiguration;
			buildSettings = {
				ALWAYS_EMBED_SWIFT_STANDARD_LIBRARIES = YES;
				CODE_SIGN_STYLE = Automatic;
				CURRENT_PROJECT_VERSION = 1;
				GENERATE_INFOPLIST_FILE = YES;
				MARKETING_VERSION = 1.0;
				PRODUCT_BUNDLE_IDENTIFIER = danielKwon.SeSAC1617UITests;
				PRODUCT_NAME = "$(TARGET_NAME)";
				SUPPORTED_PLATFORMS = "iphoneos iphonesimulator";
				SUPPORTS_MACCATALYST = YES;
				SUPPORTS_MAC_DESIGNED_FOR_IPHONE_IPAD = YES;
				SWIFT_EMIT_LOC_STRINGS = NO;
				SWIFT_VERSION = 5.0;
				TARGETED_DEVICE_FAMILY = "1,2";
				TEST_TARGET_NAME = SeSAC1617;
			};
			name = Release;
		};
/* End XCBuildConfiguration section */

/* Begin XCConfigurationList section */
		BCA277AA28FE2DB3008B3A18 /* Build configuration list for PBXProject "SeSAC1617" */ = {
			isa = XCConfigurationList;
			buildConfigurations = (
				BCA277D728FE2DB4008B3A18 /* Debug */,
				BCA277D828FE2DB4008B3A18 /* Release */,
			);
			defaultConfigurationIsVisible = 0;
			defaultConfigurationName = Release;
		};
		BCA277D928FE2DB4008B3A18 /* Build configuration list for PBXNativeTarget "SeSAC1617" */ = {
			isa = XCConfigurationList;
			buildConfigurations = (
				BCA277DA28FE2DB4008B3A18 /* Debug */,
				BCA277DB28FE2DB4008B3A18 /* Release */,
			);
			defaultConfigurationIsVisible = 0;
			defaultConfigurationName = Release;
		};
		BCA277DC28FE2DB4008B3A18 /* Build configuration list for PBXNativeTarget "SeSAC1617Tests" */ = {
			isa = XCConfigurationList;
			buildConfigurations = (
				BCA277DD28FE2DB4008B3A18 /* Debug */,
				BCA277DE28FE2DB4008B3A18 /* Release */,
			);
			defaultConfigurationIsVisible = 0;
			defaultConfigurationName = Release;
		};
		BCA277DF28FE2DB4008B3A18 /* Build configuration list for PBXNativeTarget "SeSAC1617UITests" */ = {
			isa = XCConfigurationList;
			buildConfigurations = (
				BCA277E028FE2DB4008B3A18 /* Debug */,
				BCA277E128FE2DB4008B3A18 /* Release */,
			);
			defaultConfigurationIsVisible = 0;
			defaultConfigurationName = Release;
		};
/* End XCConfigurationList section */

/* Begin XCRemoteSwiftPackageReference section */
		BC88AD37290623140075D30C /* XCRemoteSwiftPackageReference "RxSwift" */ = {
			isa = XCRemoteSwiftPackageReference;
			repositoryURL = "https://github.com/ReactiveX/RxSwift.git";
			requirement = {
				kind = upToNextMajorVersion;
				minimumVersion = 6.0.0;
			};
		};
		BC999F452900F0FC0067E44B /* XCRemoteSwiftPackageReference "Alamofire" */ = {
			isa = XCRemoteSwiftPackageReference;
			repositoryURL = "https://github.com/Alamofire/Alamofire";
			requirement = {
				kind = upToNextMajorVersion;
				minimumVersion = 5.0.0;
			};
		};
		BC999F482900F1060067E44B /* XCRemoteSwiftPackageReference "Kingfisher" */ = {
			isa = XCRemoteSwiftPackageReference;
			repositoryURL = "https://github.com/onevcat/Kingfisher.git";
			requirement = {
				kind = upToNextMajorVersion;
				minimumVersion = 7.0.0;
			};
		};
		BC999F522901778D0067E44B /* XCRemoteSwiftPackageReference "SnapKit" */ = {
			isa = XCRemoteSwiftPackageReference;
			repositoryURL = "https://github.com/SnapKit/SnapKit";
			requirement = {
				kind = upToNextMajorVersion;
				minimumVersion = 5.0.0;
			};
		};
/* End XCRemoteSwiftPackageReference section */

/* Begin XCSwiftPackageProductDependency section */
		BC88AD38290623140075D30C /* RxCocoa */ = {
			isa = XCSwiftPackageProductDependency;
			package = BC88AD37290623140075D30C /* XCRemoteSwiftPackageReference "RxSwift" */;
			productName = RxCocoa;
		};
		BC88AD3A290623140075D30C /* RxSwift */ = {
			isa = XCSwiftPackageProductDependency;
			package = BC88AD37290623140075D30C /* XCRemoteSwiftPackageReference "RxSwift" */;
			productName = RxSwift;
		};
		BC999F462900F0FC0067E44B /* Alamofire */ = {
			isa = XCSwiftPackageProductDependency;
			package = BC999F452900F0FC0067E44B /* XCRemoteSwiftPackageReference "Alamofire" */;
			productName = Alamofire;
		};
		BC999F492900F1060067E44B /* Kingfisher */ = {
			isa = XCSwiftPackageProductDependency;
			package = BC999F482900F1060067E44B /* XCRemoteSwiftPackageReference "Kingfisher" */;
			productName = Kingfisher;
		};
		BC999F532901778D0067E44B /* SnapKit */ = {
			isa = XCSwiftPackageProductDependency;
			package = BC999F522901778D0067E44B /* XCRemoteSwiftPackageReference "SnapKit" */;
			productName = SnapKit;
		};
/* End XCSwiftPackageProductDependency section */
	};
	rootObject = BCA277A728FE2DB3008B3A18 /* Project object */;
}
